
Microsoft Visual Studio Solution File, Format Version 12.00
# Visual Studio Version 16
VisualStudioVersion = 16.0.30517.126
MinimumVisualStudioVersion = 10.0.40219.1
Project("{9A19103F-16F7-4668-BE54-9A1E7A4F7556}") = "Sudoku_Manger", "Sudoku_Manger\Sudoku_Manger.csproj", "{4AB08822-5FA0-4CF1-B825-9225328FB463}"
EndProject
Project("{9A19103F-16F7-4668-BE54-9A1E7A4F7556}") = "suduku_test", "suduku_test\suduku_test.csproj", "{ABD2960D-EA78-4098-A323-2B90B4C9658C}"
	ProjectSection(ProjectDependencies) = postProject
		{C043F368-D77C-4780-907D-D3860F8C08DF} = {C043F368-D77C-4780-907D-D3860F8C08DF}
	EndProjectSection
EndProject
Project("{FAE04EC0-301F-11D3-BF4B-00C04F79EFBC}") = "SudokuApp", "SudokuApp\SudokuApp.csproj", "{C043F368-D77C-4780-907D-D3860F8C08DF}"
EndProject
Project("{FAE04EC0-301F-11D3-BF4B-00C04F79EFBC}") = "SQL_MANGER", "SQL_MANGER\SQL_MANGER.csproj", "{5F0170E0-6F66-49F4-86E8-8FC0DA0E117E}"
EndProject
Global
	GlobalSection(SolutionConfigurationPlatforms) = preSolution
		Debug|Any CPU = Debug|Any CPU
		Release|Any CPU = Release|Any CPU
	EndGlobalSection
	GlobalSection(ProjectConfigurationPlatforms) = postSolution
		{4AB08822-5FA0-4CF1-B825-9225328FB463}.Debug|Any CPU.ActiveCfg = Debug|Any CPU
		{4AB08822-5FA0-4CF1-B825-9225328FB463}.Debug|Any CPU.Build.0 = Debug|Any CPU
		{4AB08822-5FA0-4CF1-B825-9225328FB463}.Release|Any CPU.ActiveCfg = Release|Any CPU
		{4AB08822-5FA0-4CF1-B825-9225328FB463}.Release|Any CPU.Build.0 = Release|Any CPU
		{ABD2960D-EA78-4098-A323-2B90B4C9658C}.Debug|Any CPU.ActiveCfg = Debug|Any CPU
		{ABD2960D-EA78-4098-A323-2B90B4C9658C}.Debug|Any CPU.Build.0 = Debug|Any CPU
		{ABD2960D-EA78-4098-A323-2B90B4C9658C}.Release|Any CPU.ActiveCfg = Release|Any CPU
		{ABD2960D-EA78-4098-A323-2B90B4C9658C}.Release|Any CPU.Build.0 = Release|Any CPU
		{C043F368-D77C-4780-907D-D3860F8C08DF}.Debug|Any CPU.ActiveCfg = Debug|Any CPU
		{C043F368-D77C-4780-907D-D3860F8C08DF}.Debug|Any CPU.Build.0 = Debug|Any CPU
		{C043F368-D77C-4780-907D-D3860F8C08DF}.Release|Any CPU.ActiveCfg = Release|Any CPU
		{C043F368-D77C-4780-907D-D3860F8C08DF}.Release|Any CPU.Build.0 = Release|Any CPU
		{5F0170E0-6F66-49F4-86E8-8FC0DA0E117E}.Debug|Any CPU.ActiveCfg = Debug|Any CPU
		{5F0170E0-6F66-49F4-86E8-8FC0DA0E117E}.Debug|Any CPU.Build.0 = Debug|Any CPU
		{5F0170E0-6F66-49F4-86E8-8FC0DA0E117E}.Release|Any CPU.ActiveCfg = Release|Any CPU
		{5F0170E0-6F66-49F4-86E8-8FC0DA0E117E}.Release|Any CPU.Build.0 = Release|Any CPU
	EndGlobalSection
	GlobalSection(SolutionProperties) = preSolution
		HideSolutionNode = FALSE
	EndGlobalSection
	GlobalSection(ExtensibilityGlobals) = postSolution
		SolutionGuid = {8B1F21AD-C4F5-46F5-A301-B5082B599BF2}
	EndGlobalSection
EndGlobal
